
Microsoft Visual Studio Solution File, Format Version 12.00
# Visual Studio 15
VisualStudioVersion = 15.0.28307.271
MinimumVisualStudioVersion = 10.0.40219.1
Project("{2150E333-8FDC-42A3-9474-1A3956D46DE8}") = "02 - Domain", "02 - Domain", "{B818D8F1-4B14-46FE-AF68-D2C3898BE5FE}"
EndProject
Project("{9A19103F-16F7-4668-BE54-9A1E7A4F7556}") = "MicroCMS.Domain", "src\MicroCMS.Domain\MicroCMS.Domain.csproj", "{43DD7506-CAA7-4A51-B46C-7D9C02517966}"
EndProject
Project("{2150E333-8FDC-42A3-9474-1A3956D46DE8}") = "01 - Application.Web", "01 - Application.Web", "{6EAA48C9-488B-4743-AD80-4CC584ADCD36}"
EndProject
Project("{2150E333-8FDC-42A3-9474-1A3956D46DE8}") = "03 - Infra", "03 - Infra", "{9D1175EF-ED2D-4B86-9BB1-60F8ED9BA9C5}"
EndProject
Project("{9A19103F-16F7-4668-BE54-9A1E7A4F7556}") = "MicroCMS.Infra", "src\MicroCMS.Infra\MicroCMS.Infra.csproj", "{A84CD0BA-68B5-4845-9C15-AEA98632C656}"
	ProjectSection(ProjectDependencies) = postProject
		{43DD7506-CAA7-4A51-B46C-7D9C02517966} = {43DD7506-CAA7-4A51-B46C-7D9C02517966}
	EndProjectSection
EndProject
Project("{9A19103F-16F7-4668-BE54-9A1E7A4F7556}") = "MicroCMS.Application.Web", "src\MicroCMS.Application.Web\MicroCMS.Application.Web.csproj", "{9285CC58-345B-45CE-BF2F-83763419C81E}"
	ProjectSection(ProjectDependencies) = postProject
		{43DD7506-CAA7-4A51-B46C-7D9C02517966} = {43DD7506-CAA7-4A51-B46C-7D9C02517966}
		{A84CD0BA-68B5-4845-9C15-AEA98632C656} = {A84CD0BA-68B5-4845-9C15-AEA98632C656}
		{CB04FDD3-933C-4517-A6E8-277D702FD696} = {CB04FDD3-933C-4517-A6E8-277D702FD696}
	EndProjectSection
EndProject
Project("{2150E333-8FDC-42A3-9474-1A3956D46DE8}") = "3.1 - Infra.CrossCutting.IoC", "3.1 - Infra.CrossCutting.IoC", "{FB652E11-F600-4795-B6A8-3DD57A41789C}"
EndProject
Project("{9A19103F-16F7-4668-BE54-9A1E7A4F7556}") = "MicroCMS.CrossCutting.IoC", "src\MicroCMS.Infra.CrossCutting.IoC\MicroCMS.CrossCutting.IoC.csproj", "{CB04FDD3-933C-4517-A6E8-277D702FD696}"
	ProjectSection(ProjectDependencies) = postProject
		{43DD7506-CAA7-4A51-B46C-7D9C02517966} = {43DD7506-CAA7-4A51-B46C-7D9C02517966}
		{A84CD0BA-68B5-4845-9C15-AEA98632C656} = {A84CD0BA-68B5-4845-9C15-AEA98632C656}
	EndProjectSection
EndProject
Global
	GlobalSection(SolutionConfigurationPlatforms) = preSolution
		Debug|Any CPU = Debug|Any CPU
		Release|Any CPU = Release|Any CPU
	EndGlobalSection
	GlobalSection(ProjectConfigurationPlatforms) = postSolution
		{43DD7506-CAA7-4A51-B46C-7D9C02517966}.Debug|Any CPU.ActiveCfg = Debug|Any CPU
		{43DD7506-CAA7-4A51-B46C-7D9C02517966}.Debug|Any CPU.Build.0 = Debug|Any CPU
		{43DD7506-CAA7-4A51-B46C-7D9C02517966}.Release|Any CPU.ActiveCfg = Release|Any CPU
		{43DD7506-CAA7-4A51-B46C-7D9C02517966}.Release|Any CPU.Build.0 = Release|Any CPU
		{A84CD0BA-68B5-4845-9C15-AEA98632C656}.Debug|Any CPU.ActiveCfg = Debug|Any CPU
		{A84CD0BA-68B5-4845-9C15-AEA98632C656}.Debug|Any CPU.Build.0 = Debug|Any CPU
		{A84CD0BA-68B5-4845-9C15-AEA98632C656}.Release|Any CPU.ActiveCfg = Release|Any CPU
		{A84CD0BA-68B5-4845-9C15-AEA98632C656}.Release|Any CPU.Build.0 = Release|Any CPU
		{9285CC58-345B-45CE-BF2F-83763419C81E}.Debug|Any CPU.ActiveCfg = Debug|Any CPU
		{9285CC58-345B-45CE-BF2F-83763419C81E}.Debug|Any CPU.Build.0 = Debug|Any CPU
		{9285CC58-345B-45CE-BF2F-83763419C81E}.Release|Any CPU.ActiveCfg = Release|Any CPU
		{9285CC58-345B-45CE-BF2F-83763419C81E}.Release|Any CPU.Build.0 = Release|Any CPU
		{CB04FDD3-933C-4517-A6E8-277D702FD696}.Debug|Any CPU.ActiveCfg = Debug|Any CPU
		{CB04FDD3-933C-4517-A6E8-277D702FD696}.Debug|Any CPU.Build.0 = Debug|Any CPU
		{CB04FDD3-933C-4517-A6E8-277D702FD696}.Release|Any CPU.ActiveCfg = Release|Any CPU
		{CB04FDD3-933C-4517-A6E8-277D702FD696}.Release|Any CPU.Build.0 = Release|Any CPU
	EndGlobalSection
	GlobalSection(SolutionProperties) = preSolution
		HideSolutionNode = FALSE
	EndGlobalSection
	GlobalSection(NestedProjects) = preSolution
		{43DD7506-CAA7-4A51-B46C-7D9C02517966} = {B818D8F1-4B14-46FE-AF68-D2C3898BE5FE}
		{A84CD0BA-68B5-4845-9C15-AEA98632C656} = {9D1175EF-ED2D-4B86-9BB1-60F8ED9BA9C5}
		{9285CC58-345B-45CE-BF2F-83763419C81E} = {6EAA48C9-488B-4743-AD80-4CC584ADCD36}
		{CB04FDD3-933C-4517-A6E8-277D702FD696} = {FB652E11-F600-4795-B6A8-3DD57A41789C}
	EndGlobalSection
	GlobalSection(ExtensibilityGlobals) = postSolution
		SolutionGuid = {5AA24D63-3DBC-4C47-A2BB-F57B818B483F}
	EndGlobalSection
EndGlobal
